
Microsoft Visual Studio Solution File, Format Version 12.00
# Visual Studio Version 17
VisualStudioVersion = 17.10.35004.147
MinimumVisualStudioVersion = 10.0.40219.1
Project("{FAE04EC0-301F-11D3-BF4B-00C04F79EFBC}") = "Tienda.Servicios.Api.Libro", "Tienda.Servicios.Api.Libro.csproj", "{D5A16D63-48F5-49AD-8A11-C916720220EE}"
EndProject
Global
	GlobalSection(SolutionConfigurationPlatforms) = preSolution
		Debug|Any CPU = Debug|Any CPU
		Release|Any CPU = Release|Any CPU
	EndGlobalSection
	GlobalSection(ProjectConfigurationPlatforms) = postSolution
		{D5A16D63-48F5-49AD-8A11-C916720220EE}.Debug|Any CPU.ActiveCfg = Debug|Any CPU
		{D5A16D63-48F5-49AD-8A11-C916720220EE}.Debug|Any CPU.Build.0 = Debug|Any CPU
		{D5A16D63-48F5-49AD-8A11-C916720220EE}.Release|Any CPU.ActiveCfg = Release|Any CPU
		{D5A16D63-48F5-49AD-8A11-C916720220EE}.Release|Any CPU.Build.0 = Release|Any CPU
	EndGlobalSection
	GlobalSection(SolutionProperties) = preSolution
		HideSolutionNode = FALSE
	EndGlobalSection
	GlobalSection(ExtensibilityGlobals) = postSolution
		SolutionGuid = {0BD5F050-AAE1-4F1E-A780-E607A829CB72}
	EndGlobalSection
EndGlobal
